// !$*UTF8*$!
{
	archiveVersion = 1;
	classes = {
	};
	objectVersion = 46;
	objects = {

/* Begin PBXBuildFile section */
		38CE79721B56697A0024BE2D /* ZFYLoading.m in Sources */ = {isa = PBXBuildFile; fileRef = 38CE79711B56697A0024BE2D /* ZFYLoading.m */; };
		38CE79741B56720F0024BE2D /* ZFYLoad.bundle in Resources */ = {isa = PBXBuildFile; fileRef = 38CE79731B56720F0024BE2D /* ZFYLoad.bundle */; };
		38CFC4131B550CD2004EF31F /* main.m in Sources */ = {isa = PBXBuildFile; fileRef = 38CFC4121B550CD2004EF31F /* main.m */; };
		38CFC4161B550CD2004EF31F /* AppDelegate.m in Sources */ = {isa = PBXBuildFile; fileRef = 38CFC4151B550CD2004EF31F /* AppDelegate.m */; };
		38CFC4191B550CD2004EF31F /* ViewController.m in Sources */ = {isa = PBXBuildFile; fileRef = 38CFC4181B550CD2004EF31F /* ViewController.m */; };
		38CFC41C1B550CD2004EF31F /* Main.storyboard in Resources */ = {isa = PBXBuildFile; fileRef = 38CFC41A1B550CD2004EF31F /* Main.storyboard */; };
		38CFC41E1B550CD2004EF31F /* Images.xcassets in Resources */ = {isa = PBXBuildFile; fileRef = 38CFC41D1B550CD2004EF31F /* Images.xcassets */; };
		38CFC4211B550CD2004EF31F /* LaunchScreen.xib in Resources */ = {isa = PBXBuildFile; fileRef = 38CFC41F1B550CD2004EF31F /* LaunchScreen.xib */; };
		38CFC42D1B550CD2004EF31F /* ZFYLoadingTests.m in Sources */ = {isa = PBXBuildFile; fileRef = 38CFC42C1B550CD2004EF31F /* ZFYLoadingTests.m */; };
/* End PBXBuildFile section */

/* Begin PBXContainerItemProxy section */
		38CFC4271B550CD2004EF31F /* PBXContainerItemProxy */ = {
			isa = PBXContainerItemProxy;
			containerPortal = 38CFC4051B550CD2004EF31F /* Project object */;
			proxyType = 1;
			remoteGlobalIDString = 38CFC40C1B550CD2004EF31F;
			remoteInfo = ZFYLoading;
		};
/* End PBXContainerItemProxy section */

/* Begin PBXFileReference section */
		38CE79701B56697A0024BE2D /* ZFYLoading.h */ = {isa = PBXFileReference; fileEncoding = 4; lastKnownFileType = sourcecode.c.h; path = ZFYLoading.h; sourceTree = "<group>"; };
		38CE79711B56697A0024BE2D /* ZFYLoading.m */ = {isa = PBXFileReference; fileEncoding = 4; lastKnownFileType = sourcecode.c.objc; path = ZFYLoading.m; sourceTree = "<group>"; };
		38CE79731B56720F0024BE2D /* ZFYLoad.bundle */ = {isa = PBXFileReference; lastKnownFileType = "wrapper.plug-in"; path = ZFYLoad.bundle; sourceTree = "<group>"; };
		38CFC40D1B550CD2004EF31F /* ZFYLoading.app */ = {isa = PBXFileReference; explicitFileType = wrapper.application; includeInIndex = 0; path = ZFYLoading.app; sourceTree = BUILT_PRODUCTS_DIR; };
		38CFC4111B550CD2004EF31F /* Info.plist */ = {isa = PBXFileReference; lastKnownFileType = text.plist.xml; path = Info.plist; sourceTree = "<group>"; };
		38CFC4121B550CD2004EF31F /* main.m */ = {isa = PBXFileReference; lastKnownFileType = sourcecode.c.objc; path = main.m; sourceTree = "<group>"; };
		38CFC4141B550CD2004EF31F /* AppDelegate.h */ = {isa = PBXFileReference; lastKnownFileType = sourcecode.c.h; path = AppDelegate.h; sourceTree = "<group>"; };
		38CFC4151B550CD2004EF31F /* AppDelegate.m */ = {isa = PBXFileReference; lastKnownFileType = sourcecode.c.objc; path = AppDelegate.m; sourceTree = "<group>"; };
		38CFC4171B550CD2004EF31F /* ViewController.h */ = {isa = PBXFileReference; lastKnownFileType = sourcecode.c.h; path = ViewController.h; sourceTree = "<group>"; };
		38CFC4181B550CD2004EF31F /* ViewController.m */ = {isa = PBXFileReference; lastKnownFileType = sourcecode.c.objc; path = ViewController.m; sourceTree = "<group>"; };
		38CFC41B1B550CD2004EF31F /* Base */ = {isa = PBXFileReference; lastKnownFileType = file.storyboard; name = Base; path = Base.lproj/Main.storyboard; sourceTree = "<group>"; };
		38CFC41D1B550CD2004EF31F /* Images.xcassets */ = {isa = PBXFileReference; lastKnownFileType = folder.assetcatalog; path = Images.xcassets; sourceTree = "<group>"; };
		38CFC4201B550CD2004EF31F /* Base */ = {isa = PBXFileReference; lastKnownFileType = file.xib; name = Base; path = Base.lproj/LaunchScreen.xib; sourceTree = "<group>"; };
		38CFC4261B550CD2004EF31F /* ZFYLoadingTests.xctest */ = {isa = PBXFileReference; explicitFileType = wrapper.cfbundle; includeInIndex = 0; path = ZFYLoadingTests.xctest; sourceTree = BUILT_PRODUCTS_DIR; };
		38CFC42B1B550CD2004EF31F /* Info.plist */ = {isa = PBXFileReference; lastKnownFileType = text.plist.xml; path = Info.plist; sourceTree = "<group>"; };
		38CFC42C1B550CD2004EF31F /* ZFYLoadingTests.m */ = {isa = PBXFileReference; lastKnownFileType = sourcecode.c.objc; path = ZFYLoadingTests.m; sourceTree = "<group>"; };
/* End PBXFileReference section */

/* Begin PBXFrameworksBuildPhase section */
		38CFC40A1B550CD2004EF31F /* Frameworks */ = {
			isa = PBXFrameworksBuildPhase;
			buildActionMask = 2147483647;
			files = (
			);
			runOnlyForDeploymentPostprocessing = 0;
		};
		38CFC4231B550CD2004EF31F /* Frameworks */ = {
			isa = PBXFrameworksBuildPhase;
			buildActionMask = 2147483647;
			files = (
			);
			runOnlyForDeploymentPostprocessing = 0;
		};
/* End PBXFrameworksBuildPhase section */

/* Begin PBXGroup section */
		38CE796F1B56697A0024BE2D /* ZFYLoad */ = {
			isa = PBXGroup;
			children = (
				38CE79731B56720F0024BE2D /* ZFYLoad.bundle */,
				38CE79701B56697A0024BE2D /* ZFYLoading.h */,
				38CE79711B56697A0024BE2D /* ZFYLoading.m */,
			);
			path = ZFYLoad;
			sourceTree = "<group>";
		};
		38CFC4041B550CD2004EF31F = {
			isa = PBXGroup;
			children = (
				38CFC40F1B550CD2004EF31F /* ZFYLoading */,
				38CFC4291B550CD2004EF31F /* ZFYLoadingTests */,
				38CFC40E1B550CD2004EF31F /* Products */,
			);
			sourceTree = "<group>";
		};
		38CFC40E1B550CD2004EF31F /* Products */ = {
			isa = PBXGroup;
			children = (
				38CFC40D1B550CD2004EF31F /* ZFYLoading.app */,
				38CFC4261B550CD2004EF31F /* ZFYLoadingTests.xctest */,
			);
			name = Products;
			sourceTree = "<group>";
		};
		38CFC40F1B550CD2004EF31F /* ZFYLoading */ = {
			isa = PBXGroup;
			children = (
				38CE796F1B56697A0024BE2D /* ZFYLoad */,
				38CFC4141B550CD2004EF31F /* AppDelegate.h */,
				38CFC4151B550CD2004EF31F /* AppDelegate.m */,
				38CFC4171B550CD2004EF31F /* ViewController.h */,
				38CFC4181B550CD2004EF31F /* ViewController.m */,
				38CFC41A1B550CD2004EF31F /* Main.storyboard */,
				38CFC41D1B550CD2004EF31F /* Images.xcassets */,
				38CFC41F1B550CD2004EF31F /* LaunchScreen.xib */,
				38CFC4101B550CD2004EF31F /* Supporting Files */,
			);
			path = ZFYLoading;
			sourceTree = "<group>";
		};
		38CFC4101B550CD2004EF31F /* Supporting Files */ = {
			isa = PBXGroup;
			children = (
				38CFC4111B550CD2004EF31F /* Info.plist */,
				38CFC4121B550CD2004EF31F /* main.m */,
			);
			name = "Supporting Files";
			sourceTree = "<group>";
		};
		38CFC4291B550CD2004EF31F /* ZFYLoadingTests */ = {
			isa = PBXGroup;
			children = (
				38CFC42C1B550CD2004EF31F /* ZFYLoadingTests.m */,
				38CFC42A1B550CD2004EF31F /* Supporting Files */,
			);
			path = ZFYLoadingTests;
			sourceTree = "<group>";
		};
		38CFC42A1B550CD2004EF31F /* Supporting Files */ = {
			isa = PBXGroup;
			children = (
				38CFC42B1B550CD2004EF31F /* Info.plist */,
			);
			name = "Supporting Files";
			sourceTree = "<group>";
		};
/* End PBXGroup section */

/* Begin PBXNativeTarget section */
		38CFC40C1B550CD2004EF31F /* ZFYLoading */ = {
			isa = PBXNativeTarget;
			buildConfigurationList = 38CFC4301B550CD2004EF31F /* Build configuration list for PBXNativeTarget "ZFYLoading" */;
			buildPhases = (
				38CFC4091B550CD2004EF31F /* Sources */,
				38CFC40A1B550CD2004EF31F /* Frameworks */,
				38CFC40B1B550CD2004EF31F /* Resources */,
			);
			buildRules = (
			);
			dependencies = (
			);
			name = ZFYLoading;
			productName = ZFYLoading;
			productReference = 38CFC40D1B550CD2004EF31F /* ZFYLoading.app */;
			productType = "com.apple.product-type.application";
		};
		38CFC4251B550CD2004EF31F /* ZFYLoadingTests */ = {
			isa = PBXNativeTarget;
			buildConfigurationList = 38CFC4331B550CD2004EF31F /* Build configuration list for PBXNativeTarget "ZFYLoadingTests" */;
			buildPhases = (
				38CFC4221B550CD2004EF31F /* Sources */,
				38CFC4231B550CD2004EF31F /* Frameworks */,
				38CFC4241B550CD2004EF31F /* Resources */,
			);
			buildRules = (
			);
			dependencies = (
				38CFC4281B550CD2004EF31F /* PBXTargetDependency */,
			);
			name = ZFYLoadingTests;
			productName = ZFYLoadingTests;
			productReference = 38CFC4261B550CD2004EF31F /* ZFYLoadingTests.xctest */;
			productType = "com.apple.product-type.bundle.unit-test";
		};
/* End PBXNativeTarget section */

/* Begin PBXProject section */
		38CFC4051B550CD2004EF31F /* Project object */ = {
			isa = PBXProject;
			attributes = {
				LastUpgradeCheck = 0640;
				ORGANIZATIONNAME = card;
				TargetAttributes = {
					38CFC40C1B550CD2004EF31F = {
						CreatedOnToolsVersion = 6.4;
					};
					38CFC4251B550CD2004EF31F = {
						CreatedOnToolsVersion = 6.4;
						TestTargetID = 38CFC40C1B550CD2004EF31F;
					};
				};
			};
			buildConfigurationList = 38CFC4081B550CD2004EF31F /* Build configuration list for PBXProject "ZFYLoading" */;
			compatibilityVersion = "Xcode 3.2";
			developmentRegion = English;
			hasScannedForEncodings = 0;
			knownRegions = (
				en,
				Base,
			);
			mainGroup = 38CFC4041B550CD2004EF31F;
			productRefGroup = 38CFC40E1B550CD2004EF31F /* Products */;
			projectDirPath = "";
			projectRoot = "";
			targets = (
				38CFC40C1B550CD2004EF31F /* ZFYLoading */,
				38CFC4251B550CD2004EF31F /* ZFYLoadingTests */,
			);
		};
/* End PBXProject section */

/* Begin PBXResourcesBuildPhase section */
		38CFC40B1B550CD2004EF31F /* Resources */ = {
			isa = PBXResourcesBuildPhase;
			buildActionMask = 2147483647;
			files = (
				38CFC41C1B550CD2004EF31F /* Main.storyboard in Resources */,
				38CFC4211B550CD2004EF31F /* LaunchScreen.xib in Resources */,
				38CFC41E1B550CD2004EF31F /* Images.xcassets in Resources */,
				38CE79741B56720F0024BE2D /* ZFYLoad.bundle in Resources */,
			);
			runOnlyForDeploymentPostprocessing = 0;
		};
		38CFC4241B550CD2004EF31F /* Resources */ = {
			isa = PBXResourcesBuildPhase;
			buildActionMask = 2147483647;
			files = (
			);
			runOnlyForDeploymentPostprocessing = 0;
		};
/* End PBXResourcesBuildPhase section */

/* Begin PBXSourcesBuildPhase section */
		38CFC4091B550CD2004EF31F /* Sources */ = {
			isa = PBXSourcesBuildPhase;
			buildActionMask = 2147483647;
			files = (
				38CFC4191B550CD2004EF31F /* ViewController.m in Sources */,
				38CFC4161B550CD2004EF31F /* AppDelegate.m in Sources */,
				38CE79721B56697A0024BE2D /* ZFYLoading.m in Sources */,
				38CFC4131B550CD2004EF31F /* main.m in Sources */,
			);
			runOnlyForDeploymentPostprocessing = 0;
		};
		38CFC4221B550CD2004EF31F /* Sources */ = {
			isa = PBXSourcesBuildPhase;
			buildActionMask = 2147483647;
			files = (
				38CFC42D1B550CD2004EF31F /* ZFYLoadingTests.m in Sources */,
			);
			runOnlyForDeploymentPostprocessing = 0;
		};
/* End PBXSourcesBuildPhase section */

/* Begin PBXTargetDependency section */
		38CFC4281B550CD2004EF31F /* PBXTargetDependency */ = {
			isa = PBXTargetDependency;
			target = 38CFC40C1B550CD2004EF31F /* ZFYLoading */;
			targetProxy = 38CFC4271B550CD2004EF31F /* PBXContainerItemProxy */;
		};
/* End PBXTargetDependency section */

/* Begin PBXVariantGroup section */
		38CFC41A1B550CD2004EF31F /* Main.storyboard */ = {
			isa = PBXVariantGroup;
			children = (
				38CFC41B1B550CD2004EF31F /* Base */,
			);
			name = Main.storyboard;
			sourceTree = "<group>";
		};
		38CFC41F1B550CD2004EF31F /* LaunchScreen.xib */ = {
			isa = PBXVariantGroup;
			children = (
				38CFC4201B550CD2004EF31F /* Base */,
			);
			name = LaunchScreen.xib;
			sourceTree = "<group>";
		};
/* End PBXVariantGroup section */

/* Begin XCBuildConfiguration section */
		38CFC42E1B550CD2004EF31F /* Debug */ = {
			isa = XCBuildConfiguration;
			buildSettings = {
				ALWAYS_SEARCH_USER_PATHS = NO;
				CLANG_CXX_LANGUAGE_STANDARD = "gnu++0x";
				CLANG_CXX_LIBRARY = "libc++";
				CLANG_ENABLE_MODULES = YES;
				CLANG_ENABLE_OBJC_ARC = YES;
				CLANG_WARN_BOOL_CONVERSION = YES;
				CLANG_WARN_CONSTANT_CONVERSION = YES;
				CLANG_WARN_DIRECT_OBJC_ISA_USAGE = YES_ERROR;
				CLANG_WARN_EMPTY_BODY = YES;
				CLANG_WARN_ENUM_CONVERSION = YES;
				CLANG_WARN_INT_CONVERSION = YES;
				CLANG_WARN_OBJC_ROOT_CLASS = YES_ERROR;
				CLANG_WARN_UNREACHABLE_CODE = YES;
				CLANG_WARN__DUPLICATE_METHOD_MATCH = YES;
				"CODE_SIGN_IDENTITY[sdk=iphoneos*]" = "iPhone Developer";
				COPY_PHASE_STRIP = NO;
				DEBUG_INFORMATION_FORMAT = "dwarf-with-dsym";
				ENABLE_STRICT_OBJC_MSGSEND = YES;
				GCC_C_LANGUAGE_STANDARD = gnu99;
				GCC_DYNAMIC_NO_PIC = NO;
				GCC_NO_COMMON_BLOCKS = YES;
				GCC_OPTIMIZATION_LEVEL = 0;
				GCC_PREPROCESSOR_DEFINITIONS = (
					"DEBUG=1",
					"$(inherited)",
				);
				GCC_SYMBOLS_PRIVATE_EXTERN = NO;
				GCC_WARN_64_TO_32_BIT_CONVERSION = YES;
				GCC_WARN_ABOUT_RETURN_TYPE = YES_ERROR;
				GCC_WARN_UNDECLARED_SELECTOR = YES;
				GCC_WARN_UNINITIALIZED_AUTOS = YES_AGGRESSIVE;
				GCC_WARN_UNUSED_FUNCTION = YES;
				GCC_WARN_UNUSED_VARIABLE = YES;
				IPHONEOS_DEPLOYMENT_TARGET = 8.4;
				MTL_ENABLE_DEBUG_INFO = YES;
				ONLY_ACTIVE_ARCH = YES;
				SDKROOT = iphoneos;
				TARGETED_DEVICE_FAMILY = "1,2";
			};
			name = Debug;
		};
		38CFC42F1B550CD2004EF31F /* Release */ = {
			isa = XCBuildConfiguration;
			buildSettings = {
				ALWAYS_SEARCH_USER_PATHS = NO;
				CLANG_CXX_LANGUAGE_STANDARD = "gnu++0x";
				CLANG_CXX_LIBRARY = "libc++";
				CLANG_ENABLE_MODULES = YES;
				CLANG_ENABLE_OBJC_ARC = YES;
				CLANG_WARN_BOOL_CONVERSION = YES;
				CLANG_WARN_CONSTANT_CONVERSION = YES;
				CLANG_WARN_DIRECT_OBJC_ISA_USAGE = YES_ERROR;
				CLANG_WARN_EMPTY_BODY = YES;
				CLANG_WARN_ENUM_CONVERSION = YES;
				CLANG_WARN_INT_CONVERSION = YES;
				CLANG_WARN_OBJC_ROOT_CLASS = YES_ERROR;
				CLANG_WARN_UNREACHABLE_CODE = YES;
				CLANG_WARN__DUPLICATE_METHOD_MATCH = YES;
				"CODE_SIGN_IDENTITY[sdk=iphoneos*]" = "iPhone Developer";
				COPY_PHASE_STRIP = NO;
				DEBUG_INFORMATION_FORMAT = "dwarf-with-dsym";
				ENABLE_NS_ASSERTIONS = NO;
				ENABLE_STRICT_OBJC_MSGSEND = YES;
				GCC_C_LANGUAGE_STANDARD = gnu99;
				GCC_NO_COMMON_BLOCKS = YES;
				GCC_WARN_64_TO_32_BIT_CONVERSION = YES;
				GCC_WARN_ABOUT_RETURN_TYPE = YES_ERROR;
				GCC_WARN_UNDECLARED_SELECTOR = YES;
				GCC_WARN_UNINITIALIZED_AUTOS = YES_AGGRESSIVE;
				GCC_WARN_UNUSED_FUNCTION = YES;
				GCC_WARN_UNUSED_VARIABLE = YES;
				IPHONEOS_DEPLOYMENT_TARGET = 8.4;
				MTL_ENABLE_DEBUG_INFO = NO;
				SDKROOT = iphoneos;
				TARGETED_DEVICE_FAMILY = "1,2";
				VALIDATE_PRODUCT = YES;
			};
			name = Release;
		};
		38CFC4311B550CD2004EF31F /* Debug */ = {
			isa = XCBuildConfiguration;
			buildSettings = {
				ASSETCATALOG_COMPILER_APPICON_NAME = AppIcon;
				INFOPLIST_FILE = ZFYLoading/Info.plist;
				LD_RUNPATH_SEARCH_PATHS = "$(inherited) @executable_path/Frameworks";
				PRODUCT_NAME = "$(TARGET_NAME)";
			};
			name = Debug;
		};
		38CFC4321B550CD2004EF31F /* Release */ = {
			isa = XCBuildConfiguration;
			buildSettings = {
				ASSETCATALOG_COMPILER_APPICON_NAME = AppIcon;
				INFOPLIST_FILE = ZFYLoading/Info.plist;
				LD_RUNPATH_SEARCH_PATHS = "$(inherited) @executable_path/Frameworks";
				PRODUCT_NAME = "$(TARGET_NAME)";
			};
			name = Release;
		};
		38CFC4341B550CD2004EF31F /* Debug */ = {
			isa = XCBuildConfiguration;
			buildSettings = {
				BUNDLE_LOADER = "$(TEST_HOST)";
				FRAMEWORK_SEARCH_PATHS = (
					"$(SDKROOT)/Developer/Library/Frameworks",
					"$(inherited)",
				);
				GCC_PREPROCESSOR_DEFINITIONS = (
					"DEBUG=1",
					"$(inherited)",
				);
				INFOPLIST_FILE = ZFYLoadingTests/Info.plist;
				LD_RUNPATH_SEARCH_PATHS = "$(inherited) @executable_path/Frameworks @loader_path/Frameworks";
				PRODUCT_NAME = "$(TARGET_NAME)";
				TEST_HOST = "$(BUILT_PRODUCTS_DIR)/ZFYLoading.app/ZFYLoading";
			};
			name = Debug;
		};
		38CFC4351B550CD2004EF31F /* Release */ = {
			isa = XCBuildConfiguration;
			buildSettings = {
				BUNDLE_LOADER = "$(TEST_HOST)";
				FRAMEWORK_SEARCH_PATHS = (
					"$(SDKROOT)/Developer/Library/Frameworks",
					"$(inherited)",
				);
				INFOPLIST_FILE = ZFYLoadingTests/Info.plist;
				LD_RUNPATH_SEARCH_PATHS = "$(inherited) @executable_path/Frameworks @loader_path/Frameworks";
				PRODUCT_NAME = "$(TARGET_NAME)";
				TEST_HOST = "$(BUILT_PRODUCTS_DIR)/ZFYLoading.app/ZFYLoading";
			};
			name = Release;
		};
/* End XCBuildConfiguration section */

/* Begin XCConfigurationList section */
		38CFC4081B550CD2004EF31F /* Build configuration list for PBXProject "ZFYLoading" */ = {
			isa = XCConfigurationList;
			buildConfigurations = (
				38CFC42E1B550CD2004EF31F /* Debug */,
				38CFC42F1B550CD2004EF31F /* Release */,
			);
			defaultConfigurationIsVisible = 0;
			defaultConfigurationName = Release;
		};
		38CFC4301B550CD2004EF31F /* Build configuration list for PBXNativeTarget "ZFYLoading" */ = {
			isa = XCConfigurationList;
			buildConfigurations = (
				38CFC4311B550CD2004EF31F /* Debug */,
				38CFC4321B550CD2004EF31F /* Release */,
			);
			defaultConfigurationIsVisible = 0;
			defaultConfigurationName = Release;
		};
		38CFC4331B550CD2004EF31F /* Build configuration list for PBXNativeTarget "ZFYLoadingTests" */ = {
			isa = XCConfigurationList;
			buildConfigurations = (
				38CFC4341B550CD2004EF31F /* Debug */,
				38CFC4351B550CD2004EF31F /* Release */,
			);
			defaultConfigurationIsVisible = 0;
			defaultConfigurationName = Release;
		};
/* End XCConfigurationList section */
	};
	rootObject = 38CFC4051B550CD2004EF31F /* Project object */;
}
